// !$*UTF8*$!
{
	archiveVersion = 1;
	classes = {
	};
	objectVersion = 56;
	objects = {

/* Begin PBXBuildFile section */
		AE34717A29EDECF300E1DFC8 /* AppDelegate.swift in Sources */ = {isa = PBXBuildFile; fileRef = AE34717929EDECF300E1DFC8 /* AppDelegate.swift */; };
		AE34717C29EDECF300E1DFC8 /* SceneDelegate.swift in Sources */ = {isa = PBXBuildFile; fileRef = AE34717B29EDECF300E1DFC8 /* SceneDelegate.swift */; };
		AE34718329EDECF400E1DFC8 /* Assets.xcassets in Resources */ = {isa = PBXBuildFile; fileRef = AE34718229EDECF400E1DFC8 /* Assets.xcassets */; };
		AE34718629EDECF400E1DFC8 /* LaunchScreen.storyboard in Resources */ = {isa = PBXBuildFile; fileRef = AE34718429EDECF400E1DFC8 /* LaunchScreen.storyboard */; };
		AE34719029EDED7100E1DFC8 /* APIModel.swift in Sources */ = {isa = PBXBuildFile; fileRef = AE34718F29EDED7100E1DFC8 /* APIModel.swift */; };
		AE34719229EDED8800E1DFC8 /* PaddingLabel.swift in Sources */ = {isa = PBXBuildFile; fileRef = AE34719129EDED8800E1DFC8 /* PaddingLabel.swift */; };
		AE34719529EDEDD100E1DFC8 /* HeroListViewController.swift in Sources */ = {isa = PBXBuildFile; fileRef = AE34719429EDEDD100E1DFC8 /* HeroListViewController.swift */; };
		AE34719729EDEDF600E1DFC8 /* HeroListViewController+Search.swift in Sources */ = {isa = PBXBuildFile; fileRef = AE34719629EDEDF600E1DFC8 /* HeroListViewController+Search.swift */; };
		AE34719A29EDEE1D00E1DFC8 /* CollectionViewFooterView.swift in Sources */ = {isa = PBXBuildFile; fileRef = AE34719929EDEE1D00E1DFC8 /* CollectionViewFooterView.swift */; };
		AE34719C29EDEE3300E1DFC8 /* CustomCollectionViewCell.swift in Sources */ = {isa = PBXBuildFile; fileRef = AE34719B29EDEE3300E1DFC8 /* CustomCollectionViewCell.swift */; };
		AE34719F29EDEE5400E1DFC8 /* HeroDetailViewController.swift in Sources */ = {isa = PBXBuildFile; fileRef = AE34719E29EDEE5400E1DFC8 /* HeroDetailViewController.swift */; };
		AE3471A229EDEE7F00E1DFC8 /* HeroListViewController+APIResquest.swift in Sources */ = {isa = PBXBuildFile; fileRef = AE3471A129EDEE7F00E1DFC8 /* HeroListViewController+APIResquest.swift */; };
		AE3471A429EDEE9C00E1DFC8 /* HeroDetailViewController+APIResquest.swift in Sources */ = {isa = PBXBuildFile; fileRef = AE3471A329EDEE9C00E1DFC8 /* HeroDetailViewController+APIResquest.swift */; };
		AE3471A629EDEEB600E1DFC8 /* TabBarViewController.swift in Sources */ = {isa = PBXBuildFile; fileRef = AE3471A529EDEEB600E1DFC8 /* TabBarViewController.swift */; };
		AE3471A829EDEF9500E1DFC8 /* Main.storyboard in Resources */ = {isa = PBXBuildFile; fileRef = AE3471A729EDEF9500E1DFC8 /* Main.storyboard */; };
/* End PBXBuildFile section */

/* Begin PBXFileReference section */
		AE34717629EDECF300E1DFC8 /* Marvel Near Sea Challenge.app */ = {isa = PBXFileReference; explicitFileType = wrapper.application; includeInIndex = 0; path = "Marvel Near Sea Challenge.app"; sourceTree = BUILT_PRODUCTS_DIR; };
		AE34717929EDECF300E1DFC8 /* AppDelegate.swift */ = {isa = PBXFileReference; lastKnownFileType = sourcecode.swift; path = AppDelegate.swift; sourceTree = "<group>"; };
		AE34717B29EDECF300E1DFC8 /* SceneDelegate.swift */ = {isa = PBXFileReference; lastKnownFileType = sourcecode.swift; path = SceneDelegate.swift; sourceTree = "<group>"; };
		AE34718229EDECF400E1DFC8 /* Assets.xcassets */ = {isa = PBXFileReference; lastKnownFileType = folder.assetcatalog; path = Assets.xcassets; sourceTree = "<group>"; };
		AE34718529EDECF400E1DFC8 /* Base */ = {isa = PBXFileReference; lastKnownFileType = file.storyboard; name = Base; path = Base.lproj/LaunchScreen.storyboard; sourceTree = "<group>"; };
		AE34718729EDECF400E1DFC8 /* Info.plist */ = {isa = PBXFileReference; lastKnownFileType = text.plist.xml; path = Info.plist; sourceTree = "<group>"; };
		AE34718F29EDED7100E1DFC8 /* APIModel.swift */ = {isa = PBXFileReference; lastKnownFileType = sourcecode.swift; path = APIModel.swift; sourceTree = "<group>"; };
		AE34719129EDED8800E1DFC8 /* PaddingLabel.swift */ = {isa = PBXFileReference; lastKnownFileType = sourcecode.swift; path = PaddingLabel.swift; sourceTree = "<group>"; };
		AE34719429EDEDD100E1DFC8 /* HeroListViewController.swift */ = {isa = PBXFileReference; lastKnownFileType = sourcecode.swift; path = HeroListViewController.swift; sourceTree = "<group>"; };
		AE34719629EDEDF600E1DFC8 /* HeroListViewController+Search.swift */ = {isa = PBXFileReference; lastKnownFileType = sourcecode.swift; path = "HeroListViewController+Search.swift"; sourceTree = "<group>"; };
		AE34719929EDEE1D00E1DFC8 /* CollectionViewFooterView.swift */ = {isa = PBXFileReference; lastKnownFileType = sourcecode.swift; path = CollectionViewFooterView.swift; sourceTree = "<group>"; };
		AE34719B29EDEE3300E1DFC8 /* CustomCollectionViewCell.swift */ = {isa = PBXFileReference; lastKnownFileType = sourcecode.swift; path = CustomCollectionViewCell.swift; sourceTree = "<group>"; };
		AE34719E29EDEE5400E1DFC8 /* HeroDetailViewController.swift */ = {isa = PBXFileReference; lastKnownFileType = sourcecode.swift; path = HeroDetailViewController.swift; sourceTree = "<group>"; };
		AE3471A129EDEE7F00E1DFC8 /* HeroListViewController+APIResquest.swift */ = {isa = PBXFileReference; lastKnownFileType = sourcecode.swift; path = "HeroListViewController+APIResquest.swift"; sourceTree = "<group>"; };
		AE3471A329EDEE9C00E1DFC8 /* HeroDetailViewController+APIResquest.swift */ = {isa = PBXFileReference; lastKnownFileType = sourcecode.swift; path = "HeroDetailViewController+APIResquest.swift"; sourceTree = "<group>"; };
		AE3471A529EDEEB600E1DFC8 /* TabBarViewController.swift */ = {isa = PBXFileReference; lastKnownFileType = sourcecode.swift; path = TabBarViewController.swift; sourceTree = "<group>"; };
		AE3471A729EDEF9500E1DFC8 /* Main.storyboard */ = {isa = PBXFileReference; fileEncoding = 4; lastKnownFileType = file.storyboard; path = Main.storyboard; sourceTree = "<group>"; };
/* End PBXFileReference section */

/* Begin PBXFrameworksBuildPhase section */
		AE34717329EDECF300E1DFC8 /* Frameworks */ = {
			isa = PBXFrameworksBuildPhase;
			buildActionMask = 2147483647;
			files = (
			);
			runOnlyForDeploymentPostprocessing = 0;
		};
/* End PBXFrameworksBuildPhase section */

/* Begin PBXGroup section */
		AE34716D29EDECF300E1DFC8 = {
			isa = PBXGroup;
			children = (
				AE34717829EDECF300E1DFC8 /* Marvel Near Sea Challenge */,
				AE34717729EDECF300E1DFC8 /* Products */,
			);
			sourceTree = "<group>";
		};
		AE34717729EDECF300E1DFC8 /* Products */ = {
			isa = PBXGroup;
			children = (
				AE34717629EDECF300E1DFC8 /* Marvel Near Sea Challenge.app */,
			);
			name = Products;
			sourceTree = "<group>";
		};
		AE34717829EDECF300E1DFC8 /* Marvel Near Sea Challenge */ = {
			isa = PBXGroup;
			children = (
				AE3471A029EDEE6600E1DFC8 /* API */,
				AE34719D29EDEE4300E1DFC8 /* HeroDetail */,
				AE34719329EDED9600E1DFC8 /* Hero List - Home View Controller */,
				AE34718E29EDED5E00E1DFC8 /* Models */,
				AE34718D29EDED4F00E1DFC8 /* Supporting FIles */,
				AE34718229EDECF400E1DFC8 /* Assets.xcassets */,
				AE34718429EDECF400E1DFC8 /* LaunchScreen.storyboard */,
				AE34718729EDECF400E1DFC8 /* Info.plist */,
				AE3471A529EDEEB600E1DFC8 /* TabBarViewController.swift */,
				AE3471A729EDEF9500E1DFC8 /* Main.storyboard */,
			);
			path = "Marvel Near Sea Challenge";
			sourceTree = "<group>";
		};
		AE34718D29EDED4F00E1DFC8 /* Supporting FIles */ = {
			isa = PBXGroup;
			children = (
				AE34717929EDECF300E1DFC8 /* AppDelegate.swift */,
				AE34717B29EDECF300E1DFC8 /* SceneDelegate.swift */,
				AE34719129EDED8800E1DFC8 /* PaddingLabel.swift */,
			);
			path = "Supporting FIles";
			sourceTree = "<group>";
		};
		AE34718E29EDED5E00E1DFC8 /* Models */ = {
			isa = PBXGroup;
			children = (
				AE34718F29EDED7100E1DFC8 /* APIModel.swift */,
			);
			path = Models;
			sourceTree = "<group>";
		};
		AE34719329EDED9600E1DFC8 /* Hero List - Home View Controller */ = {
			isa = PBXGroup;
			children = (
				AE34719429EDEDD100E1DFC8 /* HeroListViewController.swift */,
				AE34719829EDEE0700E1DFC8 /* CollectionView */,
				AE34719629EDEDF600E1DFC8 /* HeroListViewController+Search.swift */,
			);
			path = "Hero List - Home View Controller";
			sourceTree = "<group>";
		};
		AE34719829EDEE0700E1DFC8 /* CollectionView */ = {
			isa = PBXGroup;
			children = (
				AE34719929EDEE1D00E1DFC8 /* CollectionViewFooterView.swift */,
				AE34719B29EDEE3300E1DFC8 /* CustomCollectionViewCell.swift */,
			);
			path = CollectionView;
			sourceTree = "<group>";
		};
		AE34719D29EDEE4300E1DFC8 /* HeroDetail */ = {
			isa = PBXGroup;
			children = (
				AE34719E29EDEE5400E1DFC8 /* HeroDetailViewController.swift */,
			);
			path = HeroDetail;
			sourceTree = "<group>";
		};
		AE3471A029EDEE6600E1DFC8 /* API */ = {
			isa = PBXGroup;
			children = (
				AE3471A129EDEE7F00E1DFC8 /* HeroListViewController+APIResquest.swift */,
				AE3471A329EDEE9C00E1DFC8 /* HeroDetailViewController+APIResquest.swift */,
			);
			path = API;
			sourceTree = "<group>";
		};
/* End PBXGroup section */

/* Begin PBXNativeTarget section */
		AE34717529EDECF300E1DFC8 /* Marvel Near Sea Challenge */ = {
			isa = PBXNativeTarget;
			buildConfigurationList = AE34718A29EDECF400E1DFC8 /* Build configuration list for PBXNativeTarget "Marvel Near Sea Challenge" */;
			buildPhases = (
				AE34717229EDECF300E1DFC8 /* Sources */,
				AE34717329EDECF300E1DFC8 /* Frameworks */,
				AE34717429EDECF300E1DFC8 /* Resources */,
			);
			buildRules = (
			);
			dependencies = (
			);
			name = "Marvel Near Sea Challenge";
			productName = "Marvel Near Sea Challenge";
			productReference = AE34717629EDECF300E1DFC8 /* Marvel Near Sea Challenge.app */;
			productType = "com.apple.product-type.application";
		};
/* End PBXNativeTarget section */

/* Begin PBXProject section */
		AE34716E29EDECF300E1DFC8 /* Project object */ = {
			isa = PBXProject;
			attributes = {
				BuildIndependentTargetsInParallel = 1;
				LastSwiftUpdateCheck = 1430;
				LastUpgradeCheck = 1430;
				TargetAttributes = {
					AE34717529EDECF300E1DFC8 = {
						CreatedOnToolsVersion = 14.3;
					};
				};
			};
			buildConfigurationList = AE34717129EDECF300E1DFC8 /* Build configuration list for PBXProject "Marvel Near Sea Challenge" */;
			compatibilityVersion = "Xcode 14.0";
			developmentRegion = en;
			hasScannedForEncodings = 0;
			knownRegions = (
				en,
				Base,
			);
			mainGroup = AE34716D29EDECF300E1DFC8;
			productRefGroup = AE34717729EDECF300E1DFC8 /* Products */;
			projectDirPath = "";
			projectRoot = "";
			targets = (
				AE34717529EDECF300E1DFC8 /* Marvel Near Sea Challenge */,
			);
		};
/* End PBXProject section */

/* Begin PBXResourcesBuildPhase section */
		AE34717429EDECF300E1DFC8 /* Resources */ = {
			isa = PBXResourcesBuildPhase;
			buildActionMask = 2147483647;
			files = (
				AE3471A829EDEF9500E1DFC8 /* Main.storyboard in Resources */,
				AE34718629EDECF400E1DFC8 /* LaunchScreen.storyboard in Resources */,
				AE34718329EDECF400E1DFC8 /* Assets.xcassets in Resources */,
			);
			runOnlyForDeploymentPostprocessing = 0;
		};
/* End PBXResourcesBuildPhase section */

/* Begin PBXSourcesBuildPhase section */
		AE34717229EDECF300E1DFC8 /* Sources */ = {
			isa = PBXSourcesBuildPhase;
			buildActionMask = 2147483647;
			files = (
				AE34719729EDEDF600E1DFC8 /* HeroListViewController+Search.swift in Sources */,
				AE34719029EDED7100E1DFC8 /* APIModel.swift in Sources */,
				AE34719529EDEDD100E1DFC8 /* HeroListViewController.swift in Sources */,
				AE34719C29EDEE3300E1DFC8 /* CustomCollectionViewCell.swift in Sources */,
				AE3471A629EDEEB600E1DFC8 /* TabBarViewController.swift in Sources */,
				AE34719229EDED8800E1DFC8 /* PaddingLabel.swift in Sources */,
				AE3471A429EDEE9C00E1DFC8 /* HeroDetailViewController+APIResquest.swift in Sources */,
				AE3471A229EDEE7F00E1DFC8 /* HeroListViewController+APIResquest.swift in Sources */,
				AE34719A29EDEE1D00E1DFC8 /* CollectionViewFooterView.swift in Sources */,
				AE34719F29EDEE5400E1DFC8 /* HeroDetailViewController.swift in Sources */,
				AE34717A29EDECF300E1DFC8 /* AppDelegate.swift in Sources */,
				AE34717C29EDECF300E1DFC8 /* SceneDelegate.swift in Sources */,
			);
			runOnlyForDeploymentPostprocessing = 0;
		};
/* End PBXSourcesBuildPhase section */

/* Begin PBXVariantGroup section */
		AE34718429EDECF400E1DFC8 /* LaunchScreen.storyboard */ = {
			isa = PBXVariantGroup;
			children = (
				AE34718529EDECF400E1DFC8 /* Base */,
			);
			name = LaunchScreen.storyboard;
			sourceTree = "<group>";
		};
/* End PBXVariantGroup section */

/* Begin XCBuildConfiguration section */
		AE34718829EDECF400E1DFC8 /* Debug */ = {
			isa = XCBuildConfiguration;
			buildSettings = {
				ALWAYS_SEARCH_USER_PATHS = NO;
				CLANG_ANALYZER_NONNULL = YES;
				CLANG_ANALYZER_NUMBER_OBJECT_CONVERSION = YES_AGGRESSIVE;
				CLANG_CXX_LANGUAGE_STANDARD = "gnu++20";
				CLANG_ENABLE_MODULES = YES;
				CLANG_ENABLE_OBJC_ARC = YES;
				CLANG_ENABLE_OBJC_WEAK = YES;
				CLANG_WARN_BLOCK_CAPTURE_AUTORELEASING = YES;
				CLANG_WARN_BOOL_CONVERSION = YES;
				CLANG_WARN_COMMA = YES;
				CLANG_WARN_CONSTANT_CONVERSION = YES;
				CLANG_WARN_DEPRECATED_OBJC_IMPLEMENTATIONS = YES;
				CLANG_WARN_DIRECT_OBJC_ISA_USAGE = YES_ERROR;
				CLANG_WARN_DOCUMENTATION_COMMENTS = YES;
				CLANG_WARN_EMPTY_BODY = YES;
				CLANG_WARN_ENUM_CONVERSION = YES;
				CLANG_WARN_INFINITE_RECURSION = YES;
				CLANG_WARN_INT_CONVERSION = YES;
				CLANG_WARN_NON_LITERAL_NULL_CONVERSION = YES;
				CLANG_WARN_OBJC_IMPLICIT_RETAIN_SELF = YES;
				CLANG_WARN_OBJC_LITERAL_CONVERSION = YES;
				CLANG_WARN_OBJC_ROOT_CLASS = YES_ERROR;
				CLANG_WARN_QUOTED_INCLUDE_IN_FRAMEWORK_HEADER = YES;
				CLANG_WARN_RANGE_LOOP_ANALYSIS = YES;
				CLANG_WARN_STRICT_PROTOTYPES = YES;
				CLANG_WARN_SUSPICIOUS_MOVE = YES;
				CLANG_WARN_UNGUARDED_AVAILABILITY = YES_AGGRESSIVE;
				CLANG_WARN_UNREACHABLE_CODE = YES;
				CLANG_WARN__DUPLICATE_METHOD_MATCH = YES;
				COPY_PHASE_STRIP = NO;
				DEBUG_INFORMATION_FORMAT = dwarf;
				ENABLE_STRICT_OBJC_MSGSEND = YES;
				ENABLE_TESTABILITY = YES;
				GCC_C_LANGUAGE_STANDARD = gnu11;
				GCC_DYNAMIC_NO_PIC = NO;
				GCC_NO_COMMON_BLOCKS = YES;
				GCC_OPTIMIZATION_LEVEL = 0;
				GCC_PREPROCESSOR_DEFINITIONS = (
					"DEBUG=1",
					"$(inherited)",
				);
				GCC_WARN_64_TO_32_BIT_CONVERSION = YES;
				GCC_WARN_ABOUT_RETURN_TYPE = YES_ERROR;
				GCC_WARN_UNDECLARED_SELECTOR = YES;
				GCC_WARN_UNINITIALIZED_AUTOS = YES_AGGRESSIVE;
				GCC_WARN_UNUSED_FUNCTION = YES;
				GCC_WARN_UNUSED_VARIABLE = YES;
				IPHONEOS_DEPLOYMENT_TARGET = 16.4;
				MTL_ENABLE_DEBUG_INFO = INCLUDE_SOURCE;
				MTL_FAST_MATH = YES;
				ONLY_ACTIVE_ARCH = YES;
				SDKROOT = iphoneos;
				SWIFT_ACTIVE_COMPILATION_CONDITIONS = DEBUG;
				SWIFT_OPTIMIZATION_LEVEL = "-Onone";
			};
			name = Debug;
		};
		AE34718929EDECF400E1DFC8 /* Release */ = {
			isa = XCBuildConfiguration;
			buildSettings = {
				ALWAYS_SEARCH_USER_PATHS = NO;
				CLANG_ANALYZER_NONNULL = YES;
				CLANG_ANALYZER_NUMBER_OBJECT_CONVERSION = YES_AGGRESSIVE;
				CLANG_CXX_LANGUAGE_STANDARD = "gnu++20";
				CLANG_ENABLE_MODULES = YES;
				CLANG_ENABLE_OBJC_ARC = YES;
				CLANG_ENABLE_OBJC_WEAK = YES;
				CLANG_WARN_BLOCK_CAPTURE_AUTORELEASING = YES;
				CLANG_WARN_BOOL_CONVERSION = YES;
				CLANG_WARN_COMMA = YES;
				CLANG_WARN_CONSTANT_CONVERSION = YES;
				CLANG_WARN_DEPRECATED_OBJC_IMPLEMENTATIONS = YES;
				CLANG_WARN_DIRECT_OBJC_ISA_USAGE = YES_ERROR;
				CLANG_WARN_DOCUMENTATION_COMMENTS = YES;
				CLANG_WARN_EMPTY_BODY = YES;
				CLANG_WARN_ENUM_CONVERSION = YES;
				CLANG_WARN_INFINITE_RECURSION = YES;
				CLANG_WARN_INT_CONVERSION = YES;
				CLANG_WARN_NON_LITERAL_NULL_CONVERSION = YES;
				CLANG_WARN_OBJC_IMPLICIT_RETAIN_SELF = YES;
				CLANG_WARN_OBJC_LITERAL_CONVERSION = YES;
				CLANG_WARN_OBJC_ROOT_CLASS = YES_ERROR;
				CLANG_WARN_QUOTED_INCLUDE_IN_FRAMEWORK_HEADER = YES;
				CLANG_WARN_RANGE_LOOP_ANALYSIS = YES;
				CLANG_WARN_STRICT_PROTOTYPES = YES;
				CLANG_WARN_SUSPICIOUS_MOVE = YES;
				CLANG_WARN_UNGUARDED_AVAILABILITY = YES_AGGRESSIVE;
				CLANG_WARN_UNREACHABLE_CODE = YES;
				CLANG_WARN__DUPLICATE_METHOD_MATCH = YES;
				COPY_PHASE_STRIP = NO;
				DEBUG_INFORMATION_FORMAT = "dwarf-with-dsym";
				ENABLE_NS_ASSERTIONS = NO;
				ENABLE_STRICT_OBJC_MSGSEND = YES;
				GCC_C_LANGUAGE_STANDARD = gnu11;
				GCC_NO_COMMON_BLOCKS = YES;
				GCC_WARN_64_TO_32_BIT_CONVERSION = YES;
				GCC_WARN_ABOUT_RETURN_TYPE = YES_ERROR;
				GCC_WARN_UNDECLARED_SELECTOR = YES;
				GCC_WARN_UNINITIALIZED_AUTOS = YES_AGGRESSIVE;
				GCC_WARN_UNUSED_FUNCTION = YES;
				GCC_WARN_UNUSED_VARIABLE = YES;
				IPHONEOS_DEPLOYMENT_TARGET = 16.4;
				MTL_ENABLE_DEBUG_INFO = NO;
				MTL_FAST_MATH = YES;
				SDKROOT = iphoneos;
				SWIFT_COMPILATION_MODE = wholemodule;
				SWIFT_OPTIMIZATION_LEVEL = "-O";
				VALIDATE_PRODUCT = YES;
			};
			name = Release;
		};
		AE34718B29EDECF400E1DFC8 /* Debug */ = {
			isa = XCBuildConfiguration;
			buildSettings = {
				ASSETCATALOG_COMPILER_APPICON_NAME = AppIcon;
				ASSETCATALOG_COMPILER_GLOBAL_ACCENT_COLOR_NAME = AccentColor;
				CODE_SIGN_STYLE = Automatic;
				CURRENT_PROJECT_VERSION = 1;
				DEVELOPMENT_TEAM = XB8PJSSDU4;
				GENERATE_INFOPLIST_FILE = YES;
				INFOPLIST_FILE = "Marvel Near Sea Challenge/Info.plist";
				INFOPLIST_KEY_UIApplicationSupportsIndirectInputEvents = YES;
				INFOPLIST_KEY_UILaunchStoryboardName = LaunchScreen;
				INFOPLIST_KEY_UIMainStoryboardFile = "";
				INFOPLIST_KEY_UISupportedInterfaceOrientations_iPad = "UIInterfaceOrientationPortrait UIInterfaceOrientationPortraitUpsideDown UIInterfaceOrientationLandscapeLeft UIInterfaceOrientationLandscapeRight";
				INFOPLIST_KEY_UISupportedInterfaceOrientations_iPhone = "UIInterfaceOrientationPortrait UIInterfaceOrientationLandscapeLeft UIInterfaceOrientationLandscapeRight";
				LD_RUNPATH_SEARCH_PATHS = (
					"$(inherited)",
					"@executable_path/Frameworks",
				);
				MARKETING_VERSION = 1.0;
				PRODUCT_BUNDLE_IDENTIFIER = "com.alex.Marvel-Near-Sea-Challenge";
				PRODUCT_NAME = "$(TARGET_NAME)";
				SUPPORTED_PLATFORMS = "iphoneos iphonesimulator";
				SUPPORTS_MACCATALYST = NO;
				SUPPORTS_MAC_DESIGNED_FOR_IPHONE_IPAD = YES;
				SWIFT_EMIT_LOC_STRINGS = YES;
				SWIFT_VERSION = 5.0;
				TARGETED_DEVICE_FAMILY = 1;
			};
			name = Debug;
		};
		AE34718C29EDECF400E1DFC8 /* Release */ = {
			isa = XCBuildConfiguration;
			buildSettings = {
				ASSETCATALOG_COMPILER_APPICON_NAME = AppIcon;
				ASSETCATALOG_COMPILER_GLOBAL_ACCENT_COLOR_NAME = AccentColor;
				CODE_SIGN_STYLE = Automatic;
				CURRENT_PROJECT_VERSION = 1;
				DEVELOPMENT_TEAM = XB8PJSSDU4;
				GENERATE_INFOPLIST_FILE = YES;
				INFOPLIST_FILE = "Marvel Near Sea Challenge/Info.plist";
				INFOPLIST_KEY_UIApplicationSupportsIndirectInputEvents = YES;
				INFOPLIST_KEY_UILaunchStoryboardName = LaunchScreen;
				INFOPLIST_KEY_UIMainStoryboardFile = "";
				INFOPLIST_KEY_UISupportedInterfaceOrientations_iPad = "UIInterfaceOrientationPortrait UIInterfaceOrientationPortraitUpsideDown UIInterfaceOrientationLandscapeLeft UIInterfaceOrientationLandscapeRight";
				INFOPLIST_KEY_UISupportedInterfaceOrientations_iPhone = "UIInterfaceOrientationPortrait UIInterfaceOrientationLandscapeLeft UIInterfaceOrientationLandscapeRight";
				LD_RUNPATH_SEARCH_PATHS = (
					"$(inherited)",
					"@executable_path/Frameworks",
				);
				MARKETING_VERSION = 1.0;
				PRODUCT_BUNDLE_IDENTIFIER = "com.alex.Marvel-Near-Sea-Challenge";
				PRODUCT_NAME = "$(TARGET_NAME)";
				SUPPORTED_PLATFORMS = "iphoneos iphonesimulator";
				SUPPORTS_MACCATALYST = NO;
				SUPPORTS_MAC_DESIGNED_FOR_IPHONE_IPAD = YES;
				SWIFT_EMIT_LOC_STRINGS = YES;
				SWIFT_VERSION = 5.0;
				TARGETED_DEVICE_FAMILY = 1;
			};
			name = Release;
		};
/* End XCBuildConfiguration section */

/* Begin XCConfigurationList section */
		AE34717129EDECF300E1DFC8 /* Build configuration list for PBXProject "Marvel Near Sea Challenge" */ = {
			isa = XCConfigurationList;
			buildConfigurations = (
				AE34718829EDECF400E1DFC8 /* Debug */,
				AE34718929EDECF400E1DFC8 /* Release */,
			);
			defaultConfigurationIsVisible = 0;
			defaultConfigurationName = Release;
		};
		AE34718A29EDECF400E1DFC8 /* Build configuration list for PBXNativeTarget "Marvel Near Sea Challenge" */ = {
			isa = XCConfigurationList;
			buildConfigurations = (
				AE34718B29EDECF400E1DFC8 /* Debug */,
				AE34718C29EDECF400E1DFC8 /* Release */,
			);
			defaultConfigurationIsVisible = 0;
			defaultConfigurationName = Release;
		};
/* End XCConfigurationList section */
	};
	rootObject = AE34716E29EDECF300E1DFC8 /* Project object */;
}
